
Microsoft Visual Studio Solution File, Format Version 12.00
# Visual Studio Version 16
VisualStudioVersion = 16.0.30717.126
MinimumVisualStudioVersion = 10.0.40219.1
Project("{9A19103F-16F7-4668-BE54-9A1E7A4F7556}") = "Rođendan12_1_1", "Rođendan12_1_1\Rođendan12_1_1.csproj", "{8C2859EB-FEE0-4696-AB11-B8AE1F7FF21A}"
EndProject
Project("{FAE04EC0-301F-11D3-BF4B-00C04F79EFBC}") = "Štoperica_12_1_2", "Štoperica_12_1_2\Štoperica_12_1_2.csproj", "{7E3CABC9-27F8-4990-A4D5-5951B51AC7EB}"
EndProject
Global
	GlobalSection(SolutionConfigurationPlatforms) = preSolution
		Debug|Any CPU = Debug|Any CPU
		Release|Any CPU = Release|Any CPU
	EndGlobalSection
	GlobalSection(ProjectConfigurationPlatforms) = postSolution
		{8C2859EB-FEE0-4696-AB11-B8AE1F7FF21A}.Debug|Any CPU.ActiveCfg = Debug|Any CPU
		{8C2859EB-FEE0-4696-AB11-B8AE1F7FF21A}.Debug|Any CPU.Build.0 = Debug|Any CPU
		{8C2859EB-FEE0-4696-AB11-B8AE1F7FF21A}.Release|Any CPU.ActiveCfg = Release|Any CPU
		{8C2859EB-FEE0-4696-AB11-B8AE1F7FF21A}.Release|Any CPU.Build.0 = Release|Any CPU
		{7E3CABC9-27F8-4990-A4D5-5951B51AC7EB}.Debug|Any CPU.ActiveCfg = Debug|Any CPU
		{7E3CABC9-27F8-4990-A4D5-5951B51AC7EB}.Debug|Any CPU.Build.0 = Debug|Any CPU
		{7E3CABC9-27F8-4990-A4D5-5951B51AC7EB}.Release|Any CPU.ActiveCfg = Release|Any CPU
		{7E3CABC9-27F8-4990-A4D5-5951B51AC7EB}.Release|Any CPU.Build.0 = Release|Any CPU
	EndGlobalSection
	GlobalSection(SolutionProperties) = preSolution
		HideSolutionNode = FALSE
	EndGlobalSection
	GlobalSection(ExtensibilityGlobals) = postSolution
		SolutionGuid = {1B49BFAF-EEBF-4D9D-B828-AE8F1CA43CAD}
	EndGlobalSection
EndGlobal
